{
  "version": 4,
  "terraform_version": "1.0.6",
  "serial": 166,
  "lineage": "10a83086-7396-06a8-7907-8ccc15a2f352",
  "outputs": {},
  "resources": [
    {
      "mode": "data",
      "type": "archive_file",
      "name": "fraud_detection_archive",
      "provider": "provider[\"registry.terraform.io/hashicorp/archive\"]",
      "instances": [
        {
          "schema_version": 0,
          "attributes": {
            "excludes": null,
            "id": "3a92692e841dbba5590e9030ab4e18f4b17eabb0",
            "output_base64sha256": "V7U9d5tbVXNKHfK1sG7dQRq0stL1gpFyPdsKqpgZvQo=",
            "output_file_mode": null,
            "output_md5": "d99aafe196ce2368fe967cbae90c5ba1",
            "output_path": "./../dist/fraud_detection.zip",
            "output_sha": "3a92692e841dbba5590e9030ab4e18f4b17eabb0",
            "output_size": 1674,
            "source": [],
            "source_content": null,
            "source_content_filename": null,
            "source_dir": null,
            "source_file": "./../source/fraud_detection/index.py",
            "type": "zip"
          },
          "sensitive_attributes": []
        }
      ]
    },
    {
      "mode": "data",
      "type": "aws_caller_identity",
      "name": "current",
      "provider": "provider[\"registry.terraform.io/hashicorp/aws\"]",
      "instances": [
        {
          "schema_version": 0,
          "attributes": {
            "account_id": "543803411794",
            "arn": "arn:aws:sts::543803411794:assumed-role/ics-poweruser-role/1631281119907802700",
            "id": "543803411794",
            "user_id": "AROAX5HJVRVJNC7XH7NFX:1631281119907802700"
          },
          "sensitive_attributes": []
        }
      ]
    },
    {
      "mode": "data",
      "type": "aws_region",
      "name": "current",
      "provider": "provider[\"registry.terraform.io/hashicorp/aws\"]",
      "instances": [
        {
          "schema_version": 0,
          "attributes": {
            "description": "Europe (Frankfurt)",
            "endpoint": "ec2.eu-central-1.amazonaws.com",
            "id": "eu-central-1",
            "name": "eu-central-1"
          },
          "sensitive_attributes": []
        }
      ]
    },
    {
      "mode": "data",
      "type": "template_file",
      "name": "on_create",
      "provider": "provider[\"registry.terraform.io/hashicorp/template\"]",
      "instances": [
        {
          "schema_version": 0,
          "attributes": {
            "filename": null,
            "id": "b49673bf8d7f31c33a9beeab20e8c5b2b44445f80c217d2e1ef44f73355ef8eb",
            "rendered": "#!/bin/bash\n\nset -e\n\n## CUSTOM KERNEL CREATION\n## ----------------------------------------------------------------\n\n# Setting the proper user credentials\nsudo -u ec2-user -i \u003c\u003c'EOF'\nunset SUDO_UID\n\n# Installing a separate conda installation via Miniconda\nWORKING_DIR=/home/ec2-user/SageMaker/custom-miniconda\nmkdir -p \"$WORKING_DIR\"\nwget https://repo.anaconda.com/miniconda/Miniconda3-4.6.14-Linux-x86_64.sh -O \"$WORKING_DIR/miniconda.sh\"\nbash \"$WORKING_DIR/miniconda.sh\" -b -u -p \"$WORKING_DIR/miniconda\"\nrm -rf \"$WORKING_DIR/miniconda.sh\"\n\n# Instantiating variables used to create the custom kernel\nsource \"$WORKING_DIR/miniconda/bin/activate\"\nKERNEL_NAME=\"andreasluckert_custom_kernel\"\nPYTHON=\"3.8\"\n\n# Creating the custom kernel\nconda create --yes --name \"$KERNEL_NAME\" python=\"$PYTHON\"\nconda activate \"$KERNEL_NAME\"\n\n# Installing the default ipykernel required from SageMaker\npip install --quiet ipykernel\n\n# Downloading the requirements.txt script from S3-Bucket/GitHub\naws s3 cp 's3://sm-on-start-and-create-lifecycle-scripts/requirements.txt' requirements.txt\n# wget https://raw.githubusercontent.com/andreasluckert/aws-sm-notebook-instance/main/scripts/requirements.txt\n\n# Installing the Python libraries listed in the requirements.txt script\npip install --quiet -r requirements.txt\n\nEOF",
            "template": "#!/bin/bash\n\nset -e\n\n## CUSTOM KERNEL CREATION\n## ----------------------------------------------------------------\n\n# Setting the proper user credentials\nsudo -u ec2-user -i \u003c\u003c'EOF'\nunset SUDO_UID\n\n# Installing a separate conda installation via Miniconda\nWORKING_DIR=/home/ec2-user/SageMaker/custom-miniconda\nmkdir -p \"$WORKING_DIR\"\nwget https://repo.anaconda.com/miniconda/Miniconda3-4.6.14-Linux-x86_64.sh -O \"$WORKING_DIR/miniconda.sh\"\nbash \"$WORKING_DIR/miniconda.sh\" -b -u -p \"$WORKING_DIR/miniconda\"\nrm -rf \"$WORKING_DIR/miniconda.sh\"\n\n# Instantiating variables used to create the custom kernel\nsource \"$WORKING_DIR/miniconda/bin/activate\"\nKERNEL_NAME=\"andreasluckert_custom_kernel\"\nPYTHON=\"3.8\"\n\n# Creating the custom kernel\nconda create --yes --name \"$KERNEL_NAME\" python=\"$PYTHON\"\nconda activate \"$KERNEL_NAME\"\n\n# Installing the default ipykernel required from SageMaker\npip install --quiet ipykernel\n\n# Downloading the requirements.txt script from S3-Bucket/GitHub\naws s3 cp 's3://${s3_bucket_on_start_and_create_lifecycle_scripts}/requirements.txt' requirements.txt\n# wget https://raw.githubusercontent.com/andreasluckert/aws-sm-notebook-instance/main/scripts/requirements.txt\n\n# Installing the Python libraries listed in the requirements.txt script\npip install --quiet -r requirements.txt\n\nEOF",
            "vars": {
              "s3_bucket_on_start_and_create_lifecycle_scripts": "sm-on-start-and-create-lifecycle-scripts"
            }
          },
          "sensitive_attributes": []
        }
      ]
    },
    {
      "mode": "data",
      "type": "template_file",
      "name": "on_start",
      "provider": "provider[\"registry.terraform.io/hashicorp/template\"]",
      "instances": [
        {
          "schema_version": 0,
          "attributes": {
            "filename": null,
            "id": "34e05095f93655ac72fa391f6196e917fd0647513a3a7eed3528167f462ee5ac",
            "rendered": "#!/bin/bash\n\nset -e\n\n## IDLE AUTOSTOP STEPS\n## ----------------------------------------------------------------\n\n## Setting the timeout (in seconds) for how long the SageMaker notebook can run idly before being auto-stopped\n# -\u003e e.g. 1800 s = 30 min since first deployment can take between 15 and 20 minutes which could then fail like so:\n# \"Error: error waiting for sagemaker notebook instance (aws-sm-notebook-instance) to create: unexpected state 'Failed', wanted target 'InService'. last error: %!s(\u003cnil\u003e)\"\n# Hint for solution under following link: https://yuyasugano.medium.com/machine-learning-infrastructure-terraforming-sagemaker-part-2-f2460a9a4663\nIDLE_TIME=300\n\n# Getting the autostop.py script from S3-Bucket/GitHub\necho \"Fetching the autostop script...\"\naws s3 cp 's3://sm-on-start-and-create-lifecycle-scripts/autostop.py' autostop.py\n# aws s3 cp s3://sm-on-start-and-create-lifecycle-scripts/autostop.py autostop.py\n# wget https://raw.githubusercontent.com/andreasluckert/aws-sm-notebook-instance/main/scripts/autostop.py\n\n# Using crontab to autostop the notebook when idle time is breached\necho \"Starting the SageMaker autostop script in cron.\"\n(crontab -l 2\u003e/dev/null; echo \"*/5 * * * * /usr/bin/python $PWD/autostop.py --time $IDLE_TIME --ignore-connections\") | crontab -\n\n\n## AWS Sagemaker instance init\ncd /home/ec2-user/SageMaker\naws s3 cp s3://fraud-detection-lambda-function-code-eu-central-1/fraud-detection-using-machine-learning/LATEST/notebooks/sagemaker_fraud_detection.ipynb .\nsed -i 's/fraud-detection-end-to-end-demo/sm-model-and-training-data-eu-central-1/g' sagemaker_fraud_detection.ipynb\n\n\n## CUSTOM CONDA KERNEL USAGE STEPS\n## ----------------------------------------------------------------\n\n# Setting the proper user credentials\nsudo -u ec2-user -i \u003c\u003c'EOF'\nunset SUDO_UID\n\n# Setting the source for the custom conda kernel\nWORKING_DIR=/home/ec2-user/SageMaker/custom-miniconda\nsource \"$WORKING_DIR/miniconda/bin/activate\"\n\n# Loading all the custom kernels\nfor env in $WORKING_DIR/miniconda/envs/*; do\n    BASENAME=$(basename \"$env\")\n    source activate \"$BASENAME\"\n    python -m ipykernel install --user --name \"$BASENAME\" --display-name \"Custom ($BASENAME)\"\ndone",
            "template": "#!/bin/bash\n\nset -e\n\n## IDLE AUTOSTOP STEPS\n## ----------------------------------------------------------------\n\n## Setting the timeout (in seconds) for how long the SageMaker notebook can run idly before being auto-stopped\n# -\u003e e.g. 1800 s = 30 min since first deployment can take between 15 and 20 minutes which could then fail like so:\n# \"Error: error waiting for sagemaker notebook instance (aws-sm-notebook-instance) to create: unexpected state 'Failed', wanted target 'InService'. last error: %!s(\u003cnil\u003e)\"\n# Hint for solution under following link: https://yuyasugano.medium.com/machine-learning-infrastructure-terraforming-sagemaker-part-2-f2460a9a4663\nIDLE_TIME=300\n\n# Getting the autostop.py script from S3-Bucket/GitHub\necho \"Fetching the autostop script...\"\naws s3 cp 's3://${s3_bucket_on_start_and_create_lifecycle_scripts}/autostop.py' autostop.py\n# aws s3 cp s3://sm-on-start-and-create-lifecycle-scripts/autostop.py autostop.py\n# wget https://raw.githubusercontent.com/andreasluckert/aws-sm-notebook-instance/main/scripts/autostop.py\n\n# Using crontab to autostop the notebook when idle time is breached\necho \"Starting the SageMaker autostop script in cron.\"\n(crontab -l 2\u003e/dev/null; echo \"*/5 * * * * /usr/bin/python $PWD/autostop.py --time $IDLE_TIME --ignore-connections\") | crontab -\n\n\n## AWS Sagemaker instance init\ncd /home/ec2-user/SageMaker\naws s3 cp s3://${function_bucket_name}-${aws_region}/fraud-detection-using-machine-learning/${function_version}/notebooks/sagemaker_fraud_detection.ipynb .\nsed -i 's/fraud-detection-end-to-end-demo/${s3_bucket_model_training_data}/g' sagemaker_fraud_detection.ipynb\n\n\n## CUSTOM CONDA KERNEL USAGE STEPS\n## ----------------------------------------------------------------\n\n# Setting the proper user credentials\nsudo -u ec2-user -i \u003c\u003c'EOF'\nunset SUDO_UID\n\n# Setting the source for the custom conda kernel\nWORKING_DIR=/home/ec2-user/SageMaker/custom-miniconda\nsource \"$WORKING_DIR/miniconda/bin/activate\"\n\n# Loading all the custom kernels\nfor env in $WORKING_DIR/miniconda/envs/*; do\n    BASENAME=$(basename \"$env\")\n    source activate \"$BASENAME\"\n    python -m ipykernel install --user --name \"$BASENAME\" --display-name \"Custom ($BASENAME)\"\ndone",
            "vars": {
              "aws_region": "eu-central-1",
              "function_bucket_name": "fraud-detection-lambda-function-code",
              "function_version": "LATEST",
              "s3_bucket_model_training_data": "sm-model-and-training-data-eu-central-1",
              "s3_bucket_on_start_and_create_lifecycle_scripts": "sm-on-start-and-create-lifecycle-scripts"
            }
          },
          "sensitive_attributes": []
        }
      ]
    },
    {
      "mode": "managed",
      "type": "aws_cloudwatch_event_rule",
      "name": "fraud_detection_scheduled_rule",
      "provider": "provider[\"registry.terraform.io/hashicorp/aws\"]",
      "instances": [
        {
          "schema_version": 0,
          "attributes": {
            "arn": "arn:aws:events:eu-central-1:543803411794:rule/fraud-detection-scheduled-rule",
            "description": "ScheduledRule",
            "event_bus_name": "default",
            "event_pattern": null,
            "id": "fraud-detection-scheduled-rule",
            "is_enabled": false,
            "name": "fraud-detection-scheduled-rule",
            "name_prefix": "",
            "role_arn": "",
            "schedule_expression": "rate(1 minute)",
            "tags": {
              "CreatedBy": "terraform",
              "Group": "fraud-detection"
            },
            "tags_all": {
              "CreatedBy": "terraform",
              "Group": "fraud-detection"
            }
          },
          "sensitive_attributes": [],
          "private": "bnVsbA=="
        }
      ]
    },
    {
      "mode": "managed",
      "type": "aws_cloudwatch_event_target",
      "name": "fraud_detection",
      "provider": "provider[\"registry.terraform.io/hashicorp/aws\"]",
      "instances": [
        {
          "schema_version": 1,
          "attributes": {
            "arn": "arn:aws:lambda:eu-central-1:543803411794:function:fraud-detection-event-processor",
            "batch_target": [],
            "dead_letter_config": [],
            "ecs_target": [],
            "event_bus_name": "default",
            "http_target": [],
            "id": "fraud-detection-scheduled-rule-TargetFunctionV1",
            "input": "",
            "input_path": "",
            "input_transformer": [],
            "kinesis_target": [],
            "retry_policy": [],
            "role_arn": "",
            "rule": "fraud-detection-scheduled-rule",
            "run_command_targets": [],
            "sqs_target": [],
            "target_id": "TargetFunctionV1"
          },
          "sensitive_attributes": [],
          "private": "eyJzY2hlbWFfdmVyc2lvbiI6IjEifQ==",
          "dependencies": [
            "aws_cloudwatch_event_rule.fraud_detection_scheduled_rule",
            "aws_iam_role.fraud_detection_lambda_role",
            "aws_lambda_function.fraud_detection_event_processor",
            "aws_s3_bucket.fraud_detection_function_bucket",
            "aws_s3_bucket_object.s3_fraud_detection_archive",
            "data.archive_file.fraud_detection_archive"
          ]
        }
      ]
    },
    {
      "mode": "managed",
      "type": "aws_iam_policy",
      "name": "fraud_detection_firehose_policy",
      "provider": "provider[\"registry.terraform.io/hashicorp/aws\"]",
      "instances": [
        {
          "schema_version": 0,
          "attributes": {
            "arn": "arn:aws:iam::543803411794:policy/fraud-detection-firehose-policy",
            "description": "Policy for the Amazon Kinesis Data Firehose to save data to S3 bucket",
            "id": "arn:aws:iam::543803411794:policy/fraud-detection-firehose-policy",
            "name": "fraud-detection-firehose-policy",
            "name_prefix": null,
            "path": "/",
            "policy": "{\n    \"Version\": \"2012-10-17\",\n    \"Statement\": [\n        {\n            \"Effect\": \"Allow\",\n            \"Action\": [\n                \"s3:AbortMultipartUpload\",\n                \"s3:GetBucketLocation\",\n                \"s3:GetObject\",\n                \"s3:ListBucket\",\n                \"s3:ListBucketMultipartUploads\",\n                \"s3:PutObject\"\n            ],\n            \"Resource\": [\n                \"arn:aws:s3:::sm-processed-events-for-visualization-eu-central-1\",\n                \"arn:aws:s3:::sm-processed-events-for-visualization-eu-central-1/fraud-detection/firehose/*\"\n            ]\n        }\n    ]\n}\n",
            "policy_id": "ANPAX5HJVRVJJ3JK4NFD6",
            "tags": null,
            "tags_all": {}
          },
          "sensitive_attributes": [],
          "private": "bnVsbA==",
          "dependencies": [
            "aws_s3_bucket.s3_bucket_2"
          ]
        }
      ]
    },
    {
      "mode": "managed",
      "type": "aws_iam_policy",
      "name": "fraud_detection_lambda_policy",
      "provider": "provider[\"registry.terraform.io/hashicorp/aws\"]",
      "instances": [
        {
          "schema_version": 0,
          "attributes": {
            "arn": "arn:aws:iam::543803411794:policy/fraud-detection-lambda-policy",
            "description": "Policy for the fraud detection function to put records into the Amazon Kinesis Data Firehose",
            "id": "arn:aws:iam::543803411794:policy/fraud-detection-lambda-policy",
            "name": "fraud-detection-lambda-policy",
            "name_prefix": null,
            "path": "/",
            "policy": "{\n    \"Version\": \"2012-10-17\",\n    \"Statement\": [\n        {\n            \"Effect\": \"Allow\",\n            \"Action\": [\n                \"logs:CreateLogGroup\",\n                \"logs:CreateLogStream\",\n                \"logs:PutLogEvents\"\n            ],\n            \"Resource\": \"arn:aws:logs:eu-central-1:543803411794:log-group:/aws/lambda/*\"\n        },\n        {\n            \"Effect\": \"Allow\",\n            \"Action\": [\n                \"sagemaker:InvokeEndpoint\"\n            ],\n            \"Resource\": [\n                \"arn:aws:sagemaker:*:*:endpoint/*\"\n            ]\n        },\n        {\n            \"Effect\": \"Allow\",\n            \"Action\": [\n                \"firehose:PutRecord\",\n                \"firehose:PutRecordBatch\"\n            ],\n            \"Resource\":  [\n                \"arn:aws:firehose:eu-central-1:543803411794:deliverystream/fraud-detection-firehose-stream\"\n            ]\n        }\n    ]\n}\n",
            "policy_id": "ANPAX5HJVRVJKWKWYSATR",
            "tags": null,
            "tags_all": {}
          },
          "sensitive_attributes": [],
          "private": "bnVsbA==",
          "dependencies": [
            "aws_iam_role.fraud_detection_firehose_role",
            "aws_kinesis_firehose_delivery_stream.fraud_detection_firehose_stream",
            "aws_s3_bucket.s3_bucket_2",
            "data.aws_caller_identity.current"
          ]
        }
      ]
    },
    {
      "mode": "managed",
      "type": "aws_iam_policy",
      "name": "sm_notebook_instance_policy",
      "provider": "provider[\"registry.terraform.io/hashicorp/aws\"]",
      "instances": [
        {
          "schema_version": 0,
          "attributes": {
            "arn": "arn:aws:iam::543803411794:policy/sm-notebook-instance-policy",
            "description": "Policy for the Notebook Instance to manage training jobs, models and endpoints",
            "id": "arn:aws:iam::543803411794:policy/sm-notebook-instance-policy",
            "name": "sm-notebook-instance-policy",
            "name_prefix": null,
            "path": "/",
            "policy": "{\n    \"Version\": \"2012-10-17\",\n    \"Statement\": [\n        {\n            \"Effect\": \"Allow\",\n            \"Action\": [\n                \"s3:GetBucketLocation\",\n                \"s3:ListBucket\",\n                \"s3:GetObject\",\n                \"s3:PutObject\",\n                \"s3:DeleteObject\"\n            ],\n            \"Resource\": [\n                \"arn:aws:s3:::sm-model-and-training-data-eu-central-1\",\n                \"arn:aws:s3:::sm-model-and-training-data-eu-central-1/*\",\n                \"arn:aws:s3:::fraud-detection-lambda-function-code-eu-central-1/*\"\n            ]\n        },\n        {\n            \"Effect\": \"Allow\",\n            \"Action\": [\n                \"sagemaker:CreateTrainingJob\",\n                \"sagemaker:DescribeTrainingJob\",\n                \"sagemaker:CreateModel\",\n                \"sagemaker:DescribeModel\",\n                \"sagemaker:DeleteModel\",\n                \"sagemaker:CreateEndpoint\",\n                \"sagemaker:CreateEndpointConfig\",\n                \"sagemaker:DescribeEndpoint\",\n                \"sagemaker:DescribeEndpointConfig\",\n                \"sagemaker:DeleteEndpoint\"\n            ],\n            \"Resource\": [\n                \"arn:aws:sagemaker:eu-central-1:543803411794:*\"\n            ]\n        },\n        {\n            \"Effect\": \"Allow\",\n            \"Action\": [\n                \"ecr:GetDownloadUrlForLayer\",\n                \"ecr:BatchGetImage\",\n                \"ecr:BatchCheckLayerAvailability\"\n            ],\n            \"Resource\": [\n                \"arn:aws:ecr:eu-central-1:543803411794:repository/*\"\n            ]\n        },\n        {\n            \"Effect\": \"Allow\",\n            \"Action\": [\n                \"ec2:CreateVpcEndpoint\",\n                \"ec2:DescribeRouteTables\"\n            ],\n            \"Resource\": \"*\"\n        },\n          {\n            \"Sid\": \"EnforceInstanceType\",\n            \"Effect\": \"Allow\",\n            \"Action\": [\n                \"sagemaker:CreateTrainingJob\",\n                \"sagemaker:CreateHyperParameterTuningJob\"\n            ],\n            \"Resource\": \"*\",\n            \"Condition\": {\n                \"ForAllValues:StringLike\": {\n                    \"sagemaker:InstanceTypes\": [\"ml.t2.large\"]\n                }\n            }\n        },\n        {\n            \"Effect\": \"Allow\",\n            \"Action\": [\n                \"cloudwatch:PutMetricData\",\n                \"cloudwatch:GetMetricData\",\n                \"cloudwatch:GetMetricStatistics\",\n                \"cloudwatch:ListMetrics\"\n            ],\n            \"Resource\": [\n                \"arn:aws:cloudwatch:eu-central-1:543803411794:*\"\n            ]\n        },\n        {\n            \"Effect\": \"Allow\",\n            \"Action\": [\n                \"logs:CreateLogGroup\",\n                \"logs:CreateLogStream\",\n                \"logs:DescribeLogStreams\",\n                \"logs:GetLogEvents\",\n                \"logs:PutLogEvents\"\n            ],\n            \"Resource\": [\n                \"arn:aws:logs:eu-central-1:543803411794:log-group:/aws/sagemaker/*\"\n            ]\n        },\n        {\n            \"Effect\": \"Allow\",\n            \"Action\": [\n                \"iam:PassRole\"\n            ],\n            \"Resource\": [\n                \"arn:aws:iam::543803411794:role/sm-notebook-instance-role\"\n            ],\n            \"Condition\": {\n                \"StringEquals\": {\n                    \"iam:PassedToService\": \"sagemaker.amazonaws.com\"\n                }\n            }\n        },\n        {\n            \"Effect\": \"Allow\",\n            \"Action\": [\n                \"iam:GetRole\"\n            ],\n            \"Resource\": [\n                \"arn:aws:iam::543803411794:role/sm-notebook-instance-role\"\n            ]\n        }\n    ]\n}\n",
            "policy_id": "ANPAX5HJVRVJGRHJWCHFS",
            "tags": null,
            "tags_all": {}
          },
          "sensitive_attributes": [],
          "private": "bnVsbA==",
          "dependencies": [
            "aws_iam_role.sm_notebook_instance_role",
            "aws_s3_bucket.fraud_detection_function_bucket",
            "aws_s3_bucket.s3_bucket_model_training_data",
            "data.aws_caller_identity.current"
          ]
        }
      ]
    },
    {
      "mode": "managed",
      "type": "aws_iam_role",
      "name": "fraud_detection_firehose_role",
      "provider": "provider[\"registry.terraform.io/hashicorp/aws\"]",
      "instances": [
        {
          "schema_version": 0,
          "attributes": {
            "arn": "arn:aws:iam::543803411794:role/fraud-detection-firehose-role",
            "assume_role_policy": "{\"Version\":\"2012-10-17\",\"Statement\":[{\"Effect\":\"Allow\",\"Principal\":{\"Service\":\"firehose.amazonaws.com\"},\"Action\":\"sts:AssumeRole\"}]}",
            "create_date": "2021-09-10T13:40:16Z",
            "description": "",
            "force_detach_policies": false,
            "id": "fraud-detection-firehose-role",
            "inline_policy": [
              {
                "name": "",
                "policy": ""
              }
            ],
            "managed_policy_arns": [],
            "max_session_duration": 3600,
            "name": "fraud-detection-firehose-role",
            "name_prefix": null,
            "path": "/",
            "permissions_boundary": null,
            "tags": {
              "CreatedBy": "terraform",
              "Group": "fraud-detection"
            },
            "tags_all": {
              "CreatedBy": "terraform",
              "Group": "fraud-detection"
            },
            "unique_id": "AROAX5HJVRVJCJC3VEDO4"
          },
          "sensitive_attributes": [],
          "private": "bnVsbA=="
        }
      ]
    },
    {
      "mode": "managed",
      "type": "aws_iam_role",
      "name": "fraud_detection_lambda_role",
      "provider": "provider[\"registry.terraform.io/hashicorp/aws\"]",
      "instances": [
        {
          "schema_version": 0,
          "attributes": {
            "arn": "arn:aws:iam::543803411794:role/fraud-detection-lambda-role",
            "assume_role_policy": "{\"Version\":\"2012-10-17\",\"Statement\":[{\"Effect\":\"Allow\",\"Principal\":{\"Service\":\"lambda.amazonaws.com\"},\"Action\":\"sts:AssumeRole\"}]}",
            "create_date": "2021-09-10T13:40:16Z",
            "description": "",
            "force_detach_policies": false,
            "id": "fraud-detection-lambda-role",
            "inline_policy": [
              {
                "name": "",
                "policy": ""
              }
            ],
            "managed_policy_arns": [],
            "max_session_duration": 3600,
            "name": "fraud-detection-lambda-role",
            "name_prefix": null,
            "path": "/",
            "permissions_boundary": null,
            "tags": {
              "CreatedBy": "terraform",
              "Group": "fraud-detection"
            },
            "tags_all": {
              "CreatedBy": "terraform",
              "Group": "fraud-detection"
            },
            "unique_id": "AROAX5HJVRVJKFKRVUD55"
          },
          "sensitive_attributes": [],
          "private": "bnVsbA=="
        }
      ]
    },
    {
      "mode": "managed",
      "type": "aws_iam_role",
      "name": "sm_notebook_instance_role",
      "provider": "provider[\"registry.terraform.io/hashicorp/aws\"]",
      "instances": [
        {
          "schema_version": 0,
          "attributes": {
            "arn": "arn:aws:iam::543803411794:role/sm-notebook-instance-role",
            "assume_role_policy": "{\"Version\":\"2012-10-17\",\"Statement\":[{\"Effect\":\"Allow\",\"Principal\":{\"Service\":\"sagemaker.amazonaws.com\"},\"Action\":\"sts:AssumeRole\"}]}",
            "create_date": "2021-09-10T13:40:16Z",
            "description": "",
            "force_detach_policies": false,
            "id": "sm-notebook-instance-role",
            "inline_policy": [
              {
                "name": "",
                "policy": ""
              }
            ],
            "managed_policy_arns": [],
            "max_session_duration": 3600,
            "name": "sm-notebook-instance-role",
            "name_prefix": null,
            "path": "/",
            "permissions_boundary": null,
            "tags": {
              "CreatedBy": "terraform",
              "Group": "fraud-detection"
            },
            "tags_all": {
              "CreatedBy": "terraform",
              "Group": "fraud-detection"
            },
            "unique_id": "AROAX5HJVRVJPFPCRWFXD"
          },
          "sensitive_attributes": [],
          "private": "bnVsbA=="
        }
      ]
    },
    {
      "mode": "managed",
      "type": "aws_iam_role_policy_attachment",
      "name": "fraud_detection_firehose",
      "provider": "provider[\"registry.terraform.io/hashicorp/aws\"]",
      "instances": [
        {
          "schema_version": 0,
          "attributes": {
            "id": "fraud-detection-firehose-role-20210910134019690600000001",
            "policy_arn": "arn:aws:iam::543803411794:policy/fraud-detection-firehose-policy",
            "role": "fraud-detection-firehose-role"
          },
          "sensitive_attributes": [],
          "private": "bnVsbA==",
          "dependencies": [
            "aws_iam_policy.fraud_detection_firehose_policy",
            "aws_iam_role.fraud_detection_firehose_role",
            "aws_s3_bucket.s3_bucket_2"
          ]
        }
      ]
    },
    {
      "mode": "managed",
      "type": "aws_iam_role_policy_attachment",
      "name": "fraud_detection_lambda",
      "provider": "provider[\"registry.terraform.io/hashicorp/aws\"]",
      "instances": [
        {
          "schema_version": 0,
          "attributes": {
            "id": "fraud-detection-lambda-role-20210910134057817300000004",
            "policy_arn": "arn:aws:iam::543803411794:policy/fraud-detection-lambda-policy",
            "role": "fraud-detection-lambda-role"
          },
          "sensitive_attributes": [],
          "private": "bnVsbA==",
          "dependencies": [
            "aws_iam_policy.fraud_detection_lambda_policy",
            "aws_iam_role.fraud_detection_firehose_role",
            "aws_iam_role.fraud_detection_lambda_role",
            "aws_kinesis_firehose_delivery_stream.fraud_detection_firehose_stream",
            "aws_s3_bucket.s3_bucket_2",
            "data.aws_caller_identity.current"
          ]
        }
      ]
    },
    {
      "mode": "managed",
      "type": "aws_iam_role_policy_attachment",
      "name": "sm_notebook_instance",
      "provider": "provider[\"registry.terraform.io/hashicorp/aws\"]",
      "instances": [
        {
          "schema_version": 0,
          "attributes": {
            "id": "sm-notebook-instance-role-20210910134024619200000002",
            "policy_arn": "arn:aws:iam::543803411794:policy/sm-notebook-instance-policy",
            "role": "sm-notebook-instance-role"
          },
          "sensitive_attributes": [],
          "private": "bnVsbA==",
          "dependencies": [
            "aws_iam_policy.sm_notebook_instance_policy",
            "aws_iam_role.sm_notebook_instance_role",
            "aws_s3_bucket.fraud_detection_function_bucket",
            "aws_s3_bucket.s3_bucket_model_training_data",
            "data.aws_caller_identity.current"
          ]
        }
      ]
    },
    {
      "mode": "managed",
      "type": "aws_kinesis_firehose_delivery_stream",
      "name": "fraud_detection_firehose_stream",
      "provider": "provider[\"registry.terraform.io/hashicorp/aws\"]",
      "instances": [
        {
          "schema_version": 1,
          "attributes": {
            "arn": "arn:aws:firehose:eu-central-1:543803411794:deliverystream/fraud-detection-firehose-stream",
            "destination": "s3",
            "destination_id": "destinationId-000000000001",
            "elasticsearch_configuration": [],
            "extended_s3_configuration": [],
            "http_endpoint_configuration": [],
            "id": "arn:aws:firehose:eu-central-1:543803411794:deliverystream/fraud-detection-firehose-stream",
            "kinesis_source_configuration": [],
            "name": "fraud-detection-firehose-stream",
            "redshift_configuration": [],
            "s3_configuration": [
              {
                "bucket_arn": "arn:aws:s3:::sm-processed-events-for-visualization-eu-central-1",
                "buffer_interval": 60,
                "buffer_size": 100,
                "cloudwatch_logging_options": [
                  {
                    "enabled": false,
                    "log_group_name": "",
                    "log_stream_name": ""
                  }
                ],
                "compression_format": "GZIP",
                "kms_key_arn": "",
                "prefix": "fraud-detection/firehose/",
                "role_arn": "arn:aws:iam::543803411794:role/fraud-detection-firehose-role"
              }
            ],
            "server_side_encryption": [
              {
                "enabled": false,
                "key_arn": "",
                "key_type": "AWS_OWNED_CMK"
              }
            ],
            "splunk_configuration": [],
            "tags": {
              "CreatedBy": "terraform",
              "Group": "fraud-detection"
            },
            "tags_all": {
              "CreatedBy": "terraform",
              "Group": "fraud-detection"
            },
            "version_id": "1"
          },
          "sensitive_attributes": [],
          "private": "eyJzY2hlbWFfdmVyc2lvbiI6IjEifQ==",
          "dependencies": [
            "aws_iam_role.fraud_detection_firehose_role",
            "aws_s3_bucket.s3_bucket_2"
          ]
        }
      ]
    },
    {
      "mode": "managed",
      "type": "aws_lambda_function",
      "name": "fraud_detection_event_processor",
      "provider": "provider[\"registry.terraform.io/hashicorp/aws\"]",
      "instances": [
        {
          "schema_version": 0,
          "attributes": {
            "arn": "arn:aws:lambda:eu-central-1:543803411794:function:fraud-detection-event-processor",
            "code_signing_config_arn": "",
            "dead_letter_config": [],
            "description": "",
            "environment": [],
            "file_system_config": [],
            "filename": null,
            "function_name": "fraud-detection-event-processor",
            "handler": "index.lambda_handler",
            "id": "fraud-detection-event-processor",
            "image_config": [],
            "image_uri": "",
            "invoke_arn": "arn:aws:apigateway:eu-central-1:lambda:path/2015-03-31/functions/arn:aws:lambda:eu-central-1:543803411794:function:fraud-detection-event-processor/invocations",
            "kms_key_arn": "",
            "last_modified": "2021-09-10T13:40:34.641+0000",
            "layers": null,
            "memory_size": 128,
            "package_type": "Zip",
            "publish": false,
            "qualified_arn": "arn:aws:lambda:eu-central-1:543803411794:function:fraud-detection-event-processor:$LATEST",
            "reserved_concurrent_executions": -1,
            "role": "arn:aws:iam::543803411794:role/fraud-detection-lambda-role",
            "runtime": "python3.6",
            "s3_bucket": "fraud-detection-lambda-function-code-eu-central-1",
            "s3_key": "fraud-detection-using-machine-learning/LATEST/fraud_detection.zip",
            "s3_object_version": null,
            "signing_job_arn": "",
            "signing_profile_version_arn": "",
            "source_code_hash": "V7U9d5tbVXNKHfK1sG7dQRq0stL1gpFyPdsKqpgZvQo=",
            "source_code_size": 1674,
            "tags": {
              "CreatedBy": "terraform",
              "Group": "fraud-detection"
            },
            "tags_all": {
              "CreatedBy": "terraform",
              "Group": "fraud-detection"
            },
            "timeout": 3,
            "timeouts": null,
            "tracing_config": [
              {
                "mode": "PassThrough"
              }
            ],
            "version": "$LATEST",
            "vpc_config": []
          },
          "sensitive_attributes": [],
          "private": "eyJlMmJmYjczMC1lY2FhLTExZTYtOGY4OC0zNDM2M2JjN2M0YzAiOnsiY3JlYXRlIjo2MDAwMDAwMDAwMDB9fQ==",
          "dependencies": [
            "aws_iam_role.fraud_detection_lambda_role",
            "aws_s3_bucket.fraud_detection_function_bucket",
            "aws_s3_bucket_object.s3_fraud_detection_archive",
            "data.archive_file.fraud_detection_archive"
          ]
        }
      ]
    },
    {
      "mode": "managed",
      "type": "aws_lambda_permission",
      "name": "fraud_detection",
      "provider": "provider[\"registry.terraform.io/hashicorp/aws\"]",
      "instances": [
        {
          "schema_version": 0,
          "attributes": {
            "action": "lambda:InvokeFunction",
            "event_source_token": null,
            "function_name": "fraud-detection-event-processor",
            "id": "terraform-20210910134039905800000003",
            "principal": "events.amazonaws.com",
            "qualifier": "",
            "source_account": null,
            "source_arn": "arn:aws:events:eu-central-1:543803411794:rule/fraud-detection-scheduled-rule",
            "statement_id": "terraform-20210910134039905800000003",
            "statement_id_prefix": null
          },
          "sensitive_attributes": [],
          "private": "bnVsbA==",
          "dependencies": [
            "aws_cloudwatch_event_rule.fraud_detection_scheduled_rule",
            "aws_iam_role.fraud_detection_lambda_role",
            "aws_lambda_function.fraud_detection_event_processor",
            "aws_s3_bucket.fraud_detection_function_bucket",
            "aws_s3_bucket_object.s3_fraud_detection_archive",
            "data.archive_file.fraud_detection_archive"
          ]
        }
      ]
    },
    {
      "mode": "managed",
      "type": "aws_s3_bucket",
      "name": "fraud_detection_function_bucket",
      "provider": "provider[\"registry.terraform.io/hashicorp/aws\"]",
      "instances": [
        {
          "schema_version": 0,
          "attributes": {
            "acceleration_status": "",
            "acl": "private",
            "arn": "arn:aws:s3:::fraud-detection-lambda-function-code-eu-central-1",
            "bucket": "fraud-detection-lambda-function-code-eu-central-1",
            "bucket_domain_name": "fraud-detection-lambda-function-code-eu-central-1.s3.amazonaws.com",
            "bucket_prefix": null,
            "bucket_regional_domain_name": "fraud-detection-lambda-function-code-eu-central-1.s3.eu-central-1.amazonaws.com",
            "cors_rule": [],
            "force_destroy": false,
            "grant": [],
            "hosted_zone_id": "Z21DNDUVLTQW6Q",
            "id": "fraud-detection-lambda-function-code-eu-central-1",
            "lifecycle_rule": [],
            "logging": [],
            "object_lock_configuration": [],
            "policy": null,
            "region": "eu-central-1",
            "replication_configuration": [],
            "request_payer": "BucketOwner",
            "server_side_encryption_configuration": [
              {
                "rule": [
                  {
                    "apply_server_side_encryption_by_default": [
                      {
                        "kms_master_key_id": "",
                        "sse_algorithm": "AES256"
                      }
                    ],
                    "bucket_key_enabled": false
                  }
                ]
              }
            ],
            "tags": {
              "CreatedBy": "terraform",
              "Description": "Bucket hosting the code for fraud_detection Lambda function.",
              "Group": "fraud-detection"
            },
            "tags_all": {
              "CreatedBy": "terraform",
              "Description": "Bucket hosting the code for fraud_detection Lambda function.",
              "Group": "fraud-detection"
            },
            "versioning": [
              {
                "enabled": false,
                "mfa_delete": false
              }
            ],
            "website": [],
            "website_domain": null,
            "website_endpoint": null
          },
          "sensitive_attributes": [],
          "private": "bnVsbA=="
        }
      ]
    },
    {
      "mode": "managed",
      "type": "aws_s3_bucket",
      "name": "s3_bucket_2",
      "provider": "provider[\"registry.terraform.io/hashicorp/aws\"]",
      "instances": [
        {
          "schema_version": 0,
          "attributes": {
            "acceleration_status": "",
            "acl": "private",
            "arn": "arn:aws:s3:::sm-processed-events-for-visualization-eu-central-1",
            "bucket": "sm-processed-events-for-visualization-eu-central-1",
            "bucket_domain_name": "sm-processed-events-for-visualization-eu-central-1.s3.amazonaws.com",
            "bucket_prefix": null,
            "bucket_regional_domain_name": "sm-processed-events-for-visualization-eu-central-1.s3.eu-central-1.amazonaws.com",
            "cors_rule": [],
            "force_destroy": true,
            "grant": [],
            "hosted_zone_id": "Z21DNDUVLTQW6Q",
            "id": "sm-processed-events-for-visualization-eu-central-1",
            "lifecycle_rule": [],
            "logging": [],
            "object_lock_configuration": [],
            "policy": null,
            "region": "eu-central-1",
            "replication_configuration": [],
            "request_payer": "BucketOwner",
            "server_side_encryption_configuration": [
              {
                "rule": [
                  {
                    "apply_server_side_encryption_by_default": [
                      {
                        "kms_master_key_id": "",
                        "sse_algorithm": "AES256"
                      }
                    ],
                    "bucket_key_enabled": false
                  }
                ]
              }
            ],
            "tags": {
              "CreatedBy": "terraform",
              "Description": "Bucket for storing processed events for visualization features.",
              "Group": "fraud-detection"
            },
            "tags_all": {
              "CreatedBy": "terraform",
              "Description": "Bucket for storing processed events for visualization features.",
              "Group": "fraud-detection"
            },
            "versioning": [
              {
                "enabled": false,
                "mfa_delete": false
              }
            ],
            "website": [],
            "website_domain": null,
            "website_endpoint": null
          },
          "sensitive_attributes": [],
          "private": "bnVsbA=="
        }
      ]
    },
    {
      "mode": "managed",
      "type": "aws_s3_bucket",
      "name": "s3_bucket_model_training_data",
      "provider": "provider[\"registry.terraform.io/hashicorp/aws\"]",
      "instances": [
        {
          "schema_version": 0,
          "attributes": {
            "acceleration_status": "",
            "acl": "private",
            "arn": "arn:aws:s3:::sm-model-and-training-data-eu-central-1",
            "bucket": "sm-model-and-training-data-eu-central-1",
            "bucket_domain_name": "sm-model-and-training-data-eu-central-1.s3.amazonaws.com",
            "bucket_prefix": null,
            "bucket_regional_domain_name": "sm-model-and-training-data-eu-central-1.s3.eu-central-1.amazonaws.com",
            "cors_rule": [],
            "force_destroy": true,
            "grant": [],
            "hosted_zone_id": "Z21DNDUVLTQW6Q",
            "id": "sm-model-and-training-data-eu-central-1",
            "lifecycle_rule": [],
            "logging": [],
            "object_lock_configuration": [],
            "policy": null,
            "region": "eu-central-1",
            "replication_configuration": [],
            "request_payer": "BucketOwner",
            "server_side_encryption_configuration": [
              {
                "rule": [
                  {
                    "apply_server_side_encryption_by_default": [
                      {
                        "kms_master_key_id": "",
                        "sse_algorithm": "AES256"
                      }
                    ],
                    "bucket_key_enabled": false
                  }
                ]
              }
            ],
            "tags": {
              "CreatedBy": "terraform",
              "Description": "Bucket for storing the Amazon SageMaker model and training data.",
              "Group": "fraud-detection"
            },
            "tags_all": {
              "CreatedBy": "terraform",
              "Description": "Bucket for storing the Amazon SageMaker model and training data.",
              "Group": "fraud-detection"
            },
            "versioning": [
              {
                "enabled": false,
                "mfa_delete": false
              }
            ],
            "website": [],
            "website_domain": null,
            "website_endpoint": null
          },
          "sensitive_attributes": [],
          "private": "bnVsbA=="
        }
      ]
    },
    {
      "mode": "managed",
      "type": "aws_s3_bucket_object",
      "name": "s3_fraud_detection_archive",
      "provider": "provider[\"registry.terraform.io/hashicorp/aws\"]",
      "instances": [
        {
          "schema_version": 0,
          "attributes": {
            "acl": "private",
            "bucket": "fraud-detection-lambda-function-code-eu-central-1",
            "bucket_key_enabled": false,
            "cache_control": "",
            "content": null,
            "content_base64": null,
            "content_disposition": "",
            "content_encoding": "",
            "content_language": "",
            "content_type": "binary/octet-stream",
            "etag": "d99aafe196ce2368fe967cbae90c5ba1",
            "force_destroy": false,
            "id": "fraud-detection-using-machine-learning/LATEST/fraud_detection.zip",
            "key": "fraud-detection-using-machine-learning/LATEST/fraud_detection.zip",
            "kms_key_id": null,
            "metadata": null,
            "object_lock_legal_hold_status": "",
            "object_lock_mode": "",
            "object_lock_retain_until_date": "",
            "server_side_encryption": "AES256",
            "source": "./../dist/fraud_detection.zip",
            "storage_class": "STANDARD",
            "tags": null,
            "tags_all": {},
            "version_id": "",
            "website_redirect": ""
          },
          "sensitive_attributes": [],
          "private": "bnVsbA==",
          "dependencies": [
            "aws_s3_bucket.fraud_detection_function_bucket",
            "data.archive_file.fraud_detection_archive"
          ]
        }
      ]
    },
    {
      "mode": "managed",
      "type": "aws_s3_bucket_object",
      "name": "s3_fraud_detection_notebook",
      "provider": "provider[\"registry.terraform.io/hashicorp/aws\"]",
      "instances": [
        {
          "schema_version": 0,
          "attributes": {
            "acl": "private",
            "bucket": "fraud-detection-lambda-function-code-eu-central-1",
            "bucket_key_enabled": false,
            "cache_control": "",
            "content": null,
            "content_base64": null,
            "content_disposition": "",
            "content_encoding": "",
            "content_language": "",
            "content_type": "binary/octet-stream",
            "etag": "10f5ebf8880d44963a120739f9cc7519",
            "force_destroy": false,
            "id": "fraud-detection-using-machine-learning/LATEST/notebooks/sagemaker_fraud_detection.ipynb",
            "key": "fraud-detection-using-machine-learning/LATEST/notebooks/sagemaker_fraud_detection.ipynb",
            "kms_key_id": null,
            "metadata": null,
            "object_lock_legal_hold_status": "",
            "object_lock_mode": "",
            "object_lock_retain_until_date": "",
            "server_side_encryption": "AES256",
            "source": "./../source/notebooks/sagemaker_fraud_detection.ipynb",
            "storage_class": "STANDARD",
            "tags": null,
            "tags_all": {},
            "version_id": "",
            "website_redirect": ""
          },
          "sensitive_attributes": [],
          "private": "bnVsbA==",
          "dependencies": [
            "aws_s3_bucket.fraud_detection_function_bucket"
          ]
        }
      ]
    },
    {
      "mode": "managed",
      "type": "aws_sagemaker_code_repository",
      "name": "git_repo",
      "provider": "provider[\"registry.terraform.io/hashicorp/aws\"]",
      "instances": [
        {
          "schema_version": 0,
          "attributes": {
            "arn": "arn:aws:sagemaker:eu-central-1:543803411794:code-repository/aws-sm-notebook-instance-repo",
            "code_repository_name": "aws-sm-notebook-instance-repo",
            "git_config": [
              {
                "branch": "",
                "repository_url": "https://github.com/AndreasLuckert/aws-sm-notebook-instance.git",
                "secret_arn": ""
              }
            ],
            "id": "aws-sm-notebook-instance-repo"
          },
          "sensitive_attributes": [],
          "private": "bnVsbA=="
        }
      ]
    },
    {
      "mode": "managed",
      "type": "aws_sagemaker_notebook_instance",
      "name": "basic",
      "provider": "provider[\"registry.terraform.io/hashicorp/aws\"]",
      "instances": [
        {
          "status": "tainted",
          "schema_version": 0,
          "attributes": {
            "additional_code_repositories": null,
            "arn": null,
            "default_code_repository": "aws-sm-notebook-instance-repo",
            "direct_internet_access": "Enabled",
            "id": "FraudDetectionNotebookInstance",
            "instance_type": "ml.t2.medium",
            "kms_key_id": null,
            "lifecycle_config_name": "dev-platform-al-sm-frauddetection-lifecycle-config",
            "name": "FraudDetectionNotebookInstance",
            "network_interface_id": null,
            "role_arn": "arn:aws:iam::543803411794:role/sm-notebook-instance-role",
            "root_access": "Enabled",
            "security_groups": [],
            "subnet_id": null,
            "tags": {
              "CreatedBy": "terraform",
              "Group": "fraud-detection"
            },
            "tags_all": {
              "CreatedBy": "terraform",
              "Group": "fraud-detection"
            },
            "url": null,
            "volume_size": 5
          },
          "sensitive_attributes": [],
          "private": "bnVsbA==",
          "dependencies": [
            "aws_iam_role.sm_notebook_instance_role",
            "aws_s3_bucket.fraud_detection_function_bucket",
            "aws_s3_bucket.s3_bucket_model_training_data",
            "aws_s3_bucket_object.s3_fraud_detection_notebook",
            "aws_sagemaker_code_repository.git_repo",
            "aws_sagemaker_notebook_instance_lifecycle_configuration.basic_lifecycle",
            "data.template_file.on_create",
            "data.template_file.on_start"
          ]
        }
      ]
    },
    {
      "mode": "managed",
      "type": "aws_sagemaker_notebook_instance_lifecycle_configuration",
      "name": "basic_lifecycle",
      "provider": "provider[\"registry.terraform.io/hashicorp/aws\"]",
      "instances": [
        {
          "schema_version": 0,
          "attributes": {
            "arn": "arn:aws:sagemaker:eu-central-1:543803411794:notebook-instance-lifecycle-config/dev-platform-al-sm-frauddetection-lifecycle-config",
            "id": "dev-platform-al-sm-frauddetection-lifecycle-config",
            "name": "dev-platform-al-sm-frauddetection-lifecycle-config",
            "on_create": "IyEvYmluL2Jhc2gKCnNldCAtZQoKIyMgQ1VTVE9NIEtFUk5FTCBDUkVBVElPTgojIyAtLS0tLS0tLS0tLS0tLS0tLS0tLS0tLS0tLS0tLS0tLS0tLS0tLS0tLS0tLS0tLS0tLS0tLS0tLS0tLS0tLS0tCgojIFNldHRpbmcgdGhlIHByb3BlciB1c2VyIGNyZWRlbnRpYWxzCnN1ZG8gLXUgZWMyLXVzZXIgLWkgPDwnRU9GJwp1bnNldCBTVURPX1VJRAoKIyBJbnN0YWxsaW5nIGEgc2VwYXJhdGUgY29uZGEgaW5zdGFsbGF0aW9uIHZpYSBNaW5pY29uZGEKV09SS0lOR19ESVI9L2hvbWUvZWMyLXVzZXIvU2FnZU1ha2VyL2N1c3RvbS1taW5pY29uZGEKbWtkaXIgLXAgIiRXT1JLSU5HX0RJUiIKd2dldCBodHRwczovL3JlcG8uYW5hY29uZGEuY29tL21pbmljb25kYS9NaW5pY29uZGEzLTQuNi4xNC1MaW51eC14ODZfNjQuc2ggLU8gIiRXT1JLSU5HX0RJUi9taW5pY29uZGEuc2giCmJhc2ggIiRXT1JLSU5HX0RJUi9taW5pY29uZGEuc2giIC1iIC11IC1wICIkV09SS0lOR19ESVIvbWluaWNvbmRhIgpybSAtcmYgIiRXT1JLSU5HX0RJUi9taW5pY29uZGEuc2giCgojIEluc3RhbnRpYXRpbmcgdmFyaWFibGVzIHVzZWQgdG8gY3JlYXRlIHRoZSBjdXN0b20ga2VybmVsCnNvdXJjZSAiJFdPUktJTkdfRElSL21pbmljb25kYS9iaW4vYWN0aXZhdGUiCktFUk5FTF9OQU1FPSJhbmRyZWFzbHVja2VydF9jdXN0b21fa2VybmVsIgpQWVRIT049IjMuOCIKCiMgQ3JlYXRpbmcgdGhlIGN1c3RvbSBrZXJuZWwKY29uZGEgY3JlYXRlIC0teWVzIC0tbmFtZSAiJEtFUk5FTF9OQU1FIiBweXRob249IiRQWVRIT04iCmNvbmRhIGFjdGl2YXRlICIkS0VSTkVMX05BTUUiCgojIEluc3RhbGxpbmcgdGhlIGRlZmF1bHQgaXB5a2VybmVsIHJlcXVpcmVkIGZyb20gU2FnZU1ha2VyCnBpcCBpbnN0YWxsIC0tcXVpZXQgaXB5a2VybmVsCgojIERvd25sb2FkaW5nIHRoZSByZXF1aXJlbWVudHMudHh0IHNjcmlwdCBmcm9tIFMzLUJ1Y2tldC9HaXRIdWIKYXdzIHMzIGNwICdzMzovL3NtLW9uLXN0YXJ0LWFuZC1jcmVhdGUtbGlmZWN5Y2xlLXNjcmlwdHMvcmVxdWlyZW1lbnRzLnR4dCcgcmVxdWlyZW1lbnRzLnR4dAojIHdnZXQgaHR0cHM6Ly9yYXcuZ2l0aHVidXNlcmNvbnRlbnQuY29tL2FuZHJlYXNsdWNrZXJ0L2F3cy1zbS1ub3RlYm9vay1pbnN0YW5jZS9tYWluL3NjcmlwdHMvcmVxdWlyZW1lbnRzLnR4dAoKIyBJbnN0YWxsaW5nIHRoZSBQeXRob24gbGlicmFyaWVzIGxpc3RlZCBpbiB0aGUgcmVxdWlyZW1lbnRzLnR4dCBzY3JpcHQKcGlwIGluc3RhbGwgLS1xdWlldCAtciByZXF1aXJlbWVudHMudHh0CgpFT0Y=",
            "on_start": "IyEvYmluL2Jhc2gKCnNldCAtZQoKIyMgSURMRSBBVVRPU1RPUCBTVEVQUwojIyAtLS0tLS0tLS0tLS0tLS0tLS0tLS0tLS0tLS0tLS0tLS0tLS0tLS0tLS0tLS0tLS0tLS0tLS0tLS0tLS0tLS0tCgojIyBTZXR0aW5nIHRoZSB0aW1lb3V0IChpbiBzZWNvbmRzKSBmb3IgaG93IGxvbmcgdGhlIFNhZ2VNYWtlciBub3RlYm9vayBjYW4gcnVuIGlkbHkgYmVmb3JlIGJlaW5nIGF1dG8tc3RvcHBlZAojIC0+IGUuZy4gMTgwMCBzID0gMzAgbWluIHNpbmNlIGZpcnN0IGRlcGxveW1lbnQgY2FuIHRha2UgYmV0d2VlbiAxNSBhbmQgMjAgbWludXRlcyB3aGljaCBjb3VsZCB0aGVuIGZhaWwgbGlrZSBzbzoKIyAiRXJyb3I6IGVycm9yIHdhaXRpbmcgZm9yIHNhZ2VtYWtlciBub3RlYm9vayBpbnN0YW5jZSAoYXdzLXNtLW5vdGVib29rLWluc3RhbmNlKSB0byBjcmVhdGU6IHVuZXhwZWN0ZWQgc3RhdGUgJ0ZhaWxlZCcsIHdhbnRlZCB0YXJnZXQgJ0luU2VydmljZScuIGxhc3QgZXJyb3I6ICUhcyg8bmlsPikiCiMgSGludCBmb3Igc29sdXRpb24gdW5kZXIgZm9sbG93aW5nIGxpbms6IGh0dHBzOi8veXV5YXN1Z2Fuby5tZWRpdW0uY29tL21hY2hpbmUtbGVhcm5pbmctaW5mcmFzdHJ1Y3R1cmUtdGVycmFmb3JtaW5nLXNhZ2VtYWtlci1wYXJ0LTItZjI0NjBhOWE0NjYzCklETEVfVElNRT0zMDAKCiMgR2V0dGluZyB0aGUgYXV0b3N0b3AucHkgc2NyaXB0IGZyb20gUzMtQnVja2V0L0dpdEh1YgplY2hvICJGZXRjaGluZyB0aGUgYXV0b3N0b3Agc2NyaXB0Li4uIgphd3MgczMgY3AgJ3MzOi8vc20tb24tc3RhcnQtYW5kLWNyZWF0ZS1saWZlY3ljbGUtc2NyaXB0cy9hdXRvc3RvcC5weScgYXV0b3N0b3AucHkKIyBhd3MgczMgY3AgczM6Ly9zbS1vbi1zdGFydC1hbmQtY3JlYXRlLWxpZmVjeWNsZS1zY3JpcHRzL2F1dG9zdG9wLnB5IGF1dG9zdG9wLnB5CiMgd2dldCBodHRwczovL3Jhdy5naXRodWJ1c2VyY29udGVudC5jb20vYW5kcmVhc2x1Y2tlcnQvYXdzLXNtLW5vdGVib29rLWluc3RhbmNlL21haW4vc2NyaXB0cy9hdXRvc3RvcC5weQoKIyBVc2luZyBjcm9udGFiIHRvIGF1dG9zdG9wIHRoZSBub3RlYm9vayB3aGVuIGlkbGUgdGltZSBpcyBicmVhY2hlZAplY2hvICJTdGFydGluZyB0aGUgU2FnZU1ha2VyIGF1dG9zdG9wIHNjcmlwdCBpbiBjcm9uLiIKKGNyb250YWIgLWwgMj4vZGV2L251bGw7IGVjaG8gIiovNSAqICogKiAqIC91c3IvYmluL3B5dGhvbiAkUFdEL2F1dG9zdG9wLnB5IC0tdGltZSAkSURMRV9USU1FIC0taWdub3JlLWNvbm5lY3Rpb25zIikgfCBjcm9udGFiIC0KCgojIyBBV1MgU2FnZW1ha2VyIGluc3RhbmNlIGluaXQKY2QgL2hvbWUvZWMyLXVzZXIvU2FnZU1ha2VyCmF3cyBzMyBjcCBzMzovL2ZyYXVkLWRldGVjdGlvbi1sYW1iZGEtZnVuY3Rpb24tY29kZS1ldS1jZW50cmFsLTEvZnJhdWQtZGV0ZWN0aW9uLXVzaW5nLW1hY2hpbmUtbGVhcm5pbmcvTEFURVNUL25vdGVib29rcy9zYWdlbWFrZXJfZnJhdWRfZGV0ZWN0aW9uLmlweW5iIC4Kc2VkIC1pICdzL2ZyYXVkLWRldGVjdGlvbi1lbmQtdG8tZW5kLWRlbW8vc20tbW9kZWwtYW5kLXRyYWluaW5nLWRhdGEtZXUtY2VudHJhbC0xL2cnIHNhZ2VtYWtlcl9mcmF1ZF9kZXRlY3Rpb24uaXB5bmIKCgojIyBDVVNUT00gQ09OREEgS0VSTkVMIFVTQUdFIFNURVBTCiMjIC0tLS0tLS0tLS0tLS0tLS0tLS0tLS0tLS0tLS0tLS0tLS0tLS0tLS0tLS0tLS0tLS0tLS0tLS0tLS0tLS0tLS0KCiMgU2V0dGluZyB0aGUgcHJvcGVyIHVzZXIgY3JlZGVudGlhbHMKc3VkbyAtdSBlYzItdXNlciAtaSA8PCdFT0YnCnVuc2V0IFNVRE9fVUlECgojIFNldHRpbmcgdGhlIHNvdXJjZSBmb3IgdGhlIGN1c3RvbSBjb25kYSBrZXJuZWwKV09SS0lOR19ESVI9L2hvbWUvZWMyLXVzZXIvU2FnZU1ha2VyL2N1c3RvbS1taW5pY29uZGEKc291cmNlICIkV09SS0lOR19ESVIvbWluaWNvbmRhL2Jpbi9hY3RpdmF0ZSIKCiMgTG9hZGluZyBhbGwgdGhlIGN1c3RvbSBrZXJuZWxzCmZvciBlbnYgaW4gJFdPUktJTkdfRElSL21pbmljb25kYS9lbnZzLyo7IGRvCiAgICBCQVNFTkFNRT0kKGJhc2VuYW1lICIkZW52IikKICAgIHNvdXJjZSBhY3RpdmF0ZSAiJEJBU0VOQU1FIgogICAgcHl0aG9uIC1tIGlweWtlcm5lbCBpbnN0YWxsIC0tdXNlciAtLW5hbWUgIiRCQVNFTkFNRSIgLS1kaXNwbGF5LW5hbWUgIkN1c3RvbSAoJEJBU0VOQU1FKSIKZG9uZQ=="
          },
          "sensitive_attributes": [],
          "private": "bnVsbA==",
          "dependencies": [
            "aws_s3_bucket.s3_bucket_model_training_data",
            "data.template_file.on_create",
            "data.template_file.on_start"
          ]
        }
      ]
    }
  ]
}
